
Microsoft Visual Studio Solution File, Format Version 12.00
# Visual Studio Version 16
VisualStudioVersion = 16.0.29806.167
MinimumVisualStudioVersion = 10.0.40219.1
Project("{9A19103F-16F7-4668-BE54-9A1E7A4F7556}") = "BackendApi", "BackendApi\BackendApi.csproj", "{8D567309-3DF2-4D05-B155-B69BB917BD75}"
EndProject
Project("{9A19103F-16F7-4668-BE54-9A1E7A4F7556}") = "BackendClient", "BackendClient\BackendClient.csproj", "{3F37B917-14E1-4C89-B425-F69ACF4D6735}"
EndProject
Project("{FAE04EC0-301F-11D3-BF4B-00C04F79EFBC}") = "Logger", "Logger\Logger.csproj", "{3F309E8C-BA3F-47C6-9325-1BF090F2E3E5}"
EndProject
Global
	GlobalSection(SolutionConfigurationPlatforms) = preSolution
		Debug|Any CPU = Debug|Any CPU
		Release|Any CPU = Release|Any CPU
	EndGlobalSection
	GlobalSection(ProjectConfigurationPlatforms) = postSolution
		{8D567309-3DF2-4D05-B155-B69BB917BD75}.Debug|Any CPU.ActiveCfg = Debug|Any CPU
		{8D567309-3DF2-4D05-B155-B69BB917BD75}.Debug|Any CPU.Build.0 = Debug|Any CPU
		{8D567309-3DF2-4D05-B155-B69BB917BD75}.Release|Any CPU.ActiveCfg = Release|Any CPU
		{8D567309-3DF2-4D05-B155-B69BB917BD75}.Release|Any CPU.Build.0 = Release|Any CPU
		{3F37B917-14E1-4C89-B425-F69ACF4D6735}.Debug|Any CPU.ActiveCfg = Debug|Any CPU
		{3F37B917-14E1-4C89-B425-F69ACF4D6735}.Debug|Any CPU.Build.0 = Debug|Any CPU
		{3F37B917-14E1-4C89-B425-F69ACF4D6735}.Release|Any CPU.ActiveCfg = Release|Any CPU
		{3F37B917-14E1-4C89-B425-F69ACF4D6735}.Release|Any CPU.Build.0 = Release|Any CPU
		{3F309E8C-BA3F-47C6-9325-1BF090F2E3E5}.Debug|Any CPU.ActiveCfg = Debug|Any CPU
		{3F309E8C-BA3F-47C6-9325-1BF090F2E3E5}.Debug|Any CPU.Build.0 = Debug|Any CPU
		{3F309E8C-BA3F-47C6-9325-1BF090F2E3E5}.Release|Any CPU.ActiveCfg = Release|Any CPU
		{3F309E8C-BA3F-47C6-9325-1BF090F2E3E5}.Release|Any CPU.Build.0 = Release|Any CPU
	EndGlobalSection
	GlobalSection(SolutionProperties) = preSolution
		HideSolutionNode = FALSE
	EndGlobalSection
	GlobalSection(ExtensibilityGlobals) = postSolution
		SolutionGuid = {77C30A48-EE6F-49F6-A4DB-62B13CCB7116}
	EndGlobalSection
EndGlobal
